// !$*UTF8*$!
{
	archiveVersion = 1;
	classes = {
	};
	objectVersion = 46;
	objects = {

/* Begin PBXBuildFile section */
		C66B08C11D2CF9680095A0C9 /* AppDelegate.swift in Sources */ = {isa = PBXBuildFile; fileRef = C66B08C01D2CF9680095A0C9 /* AppDelegate.swift */; };
		C66B08C31D2CF9680095A0C9 /* ViewController.swift in Sources */ = {isa = PBXBuildFile; fileRef = C66B08C21D2CF9680095A0C9 /* ViewController.swift */; };
		C66B08C61D2CF9680095A0C9 /* Main.storyboard in Resources */ = {isa = PBXBuildFile; fileRef = C66B08C41D2CF9680095A0C9 /* Main.storyboard */; };
		C66B08C81D2CF9680095A0C9 /* Assets.xcassets in Resources */ = {isa = PBXBuildFile; fileRef = C66B08C71D2CF9680095A0C9 /* Assets.xcassets */; };
		C66B08CB1D2CF9680095A0C9 /* LaunchScreen.storyboard in Resources */ = {isa = PBXBuildFile; fileRef = C66B08C91D2CF9680095A0C9 /* LaunchScreen.storyboard */; };
		C6967C6C1D2D0B20007A8CE3 /* Minecraft.ttf in Resources */ = {isa = PBXBuildFile; fileRef = C6967C6B1D2D0B20007A8CE3 /* Minecraft.ttf */; };
		C6967C6E1D2D1F9D007A8CE3 /* btn.wav in Resources */ = {isa = PBXBuildFile; fileRef = C6967C6D1D2D1F9D007A8CE3 /* btn.wav */; };
/* End PBXBuildFile section */

/* Begin PBXFileReference section */
		C66B08BD1D2CF9680095A0C9 /* cold-calculator.app */ = {isa = PBXFileReference; explicitFileType = wrapper.application; includeInIndex = 0; path = "cold-calculator.app"; sourceTree = BUILT_PRODUCTS_DIR; };
		C66B08C01D2CF9680095A0C9 /* AppDelegate.swift */ = {isa = PBXFileReference; lastKnownFileType = sourcecode.swift; path = AppDelegate.swift; sourceTree = "<group>"; };
		C66B08C21D2CF9680095A0C9 /* ViewController.swift */ = {isa = PBXFileReference; lastKnownFileType = sourcecode.swift; path = ViewController.swift; sourceTree = "<group>"; };
		C66B08C51D2CF9680095A0C9 /* Base */ = {isa = PBXFileReference; lastKnownFileType = file.storyboard; name = Base; path = Base.lproj/Main.storyboard; sourceTree = "<group>"; };
		C66B08C71D2CF9680095A0C9 /* Assets.xcassets */ = {isa = PBXFileReference; lastKnownFileType = folder.assetcatalog; path = Assets.xcassets; sourceTree = "<group>"; };
		C66B08CA1D2CF9680095A0C9 /* Base */ = {isa = PBXFileReference; lastKnownFileType = file.storyboard; name = Base; path = Base.lproj/LaunchScreen.storyboard; sourceTree = "<group>"; };
		C66B08CC1D2CF9680095A0C9 /* Info.plist */ = {isa = PBXFileReference; lastKnownFileType = text.plist.xml; path = Info.plist; sourceTree = "<group>"; };
		C6967C6B1D2D0B20007A8CE3 /* Minecraft.ttf */ = {isa = PBXFileReference; lastKnownFileType = file; path = Minecraft.ttf; sourceTree = "<group>"; };
		C6967C6D1D2D1F9D007A8CE3 /* btn.wav */ = {isa = PBXFileReference; lastKnownFileType = audio.wav; path = btn.wav; sourceTree = "<group>"; };
/* End PBXFileReference section */

/* Begin PBXFrameworksBuildPhase section */
		C66B08BA1D2CF9680095A0C9 /* Frameworks */ = {
			isa = PBXFrameworksBuildPhase;
			buildActionMask = 2147483647;
			files = (
			);
			runOnlyForDeploymentPostprocessing = 0;
		};
/* End PBXFrameworksBuildPhase section */

/* Begin PBXGroup section */
		C66B08B41D2CF9680095A0C9 = {
			isa = PBXGroup;
			children = (
				C66B08BF1D2CF9680095A0C9 /* cold-calculator */,
				C66B08BE1D2CF9680095A0C9 /* Products */,
			);
			sourceTree = "<group>";
		};
		C66B08BE1D2CF9680095A0C9 /* Products */ = {
			isa = PBXGroup;
			children = (
				C66B08BD1D2CF9680095A0C9 /* cold-calculator.app */,
			);
			name = Products;
			sourceTree = "<group>";
		};
		C66B08BF1D2CF9680095A0C9 /* cold-calculator */ = {
			isa = PBXGroup;
			children = (
				C6967C6B1D2D0B20007A8CE3 /* Minecraft.ttf */,
				C6967C6D1D2D1F9D007A8CE3 /* btn.wav */,
				C66B08C01D2CF9680095A0C9 /* AppDelegate.swift */,
				C66B08C21D2CF9680095A0C9 /* ViewController.swift */,
				C66B08C41D2CF9680095A0C9 /* Main.storyboard */,
				C66B08C71D2CF9680095A0C9 /* Assets.xcassets */,
				C66B08C91D2CF9680095A0C9 /* LaunchScreen.storyboard */,
				C66B08CC1D2CF9680095A0C9 /* Info.plist */,
			);
			path = "cold-calculator";
			sourceTree = "<group>";
		};
/* End PBXGroup section */

/* Begin PBXNativeTarget section */
		C66B08BC1D2CF9680095A0C9 /* cold-calculator */ = {
			isa = PBXNativeTarget;
			buildConfigurationList = C66B08CF1D2CF9680095A0C9 /* Build configuration list for PBXNativeTarget "cold-calculator" */;
			buildPhases = (
				C66B08B91D2CF9680095A0C9 /* Sources */,
				C66B08BA1D2CF9680095A0C9 /* Frameworks */,
				C66B08BB1D2CF9680095A0C9 /* Resources */,
			);
			buildRules = (
			);
			dependencies = (
			);
			name = "cold-calculator";
			productName = "cold-calculator";
			productReference = C66B08BD1D2CF9680095A0C9 /* cold-calculator.app */;
			productType = "com.apple.product-type.application";
		};
/* End PBXNativeTarget section */

/* Begin PBXProject section */
		C66B08B51D2CF9680095A0C9 /* Project object */ = {
			isa = PBXProject;
			attributes = {
				LastSwiftUpdateCheck = 0730;
				LastUpgradeCheck = 0730;
				ORGANIZATIONNAME = Cold;
				TargetAttributes = {
					C66B08BC1D2CF9680095A0C9 = {
						CreatedOnToolsVersion = 7.3.1;
						DevelopmentTeam = GC7YN82RH4;
						LastSwiftMigration = 0800;
					};
				};
			};
			buildConfigurationList = C66B08B81D2CF9680095A0C9 /* Build configuration list for PBXProject "cold-calculator" */;
			compatibilityVersion = "Xcode 3.2";
			developmentRegion = English;
			hasScannedForEncodings = 0;
			knownRegions = (
				en,
				Base,
			);
			mainGroup = C66B08B41D2CF9680095A0C9;
			productRefGroup = C66B08BE1D2CF9680095A0C9 /* Products */;
			projectDirPath = "";
			projectRoot = "";
			targets = (
				C66B08BC1D2CF9680095A0C9 /* cold-calculator */,
			);
		};
/* End PBXProject section */

/* Begin PBXResourcesBuildPhase section */
		C66B08BB1D2CF9680095A0C9 /* Resources */ = {
			isa = PBXResourcesBuildPhase;
			buildActionMask = 2147483647;
			files = (
				C6967C6E1D2D1F9D007A8CE3 /* btn.wav in Resources */,
				C66B08CB1D2CF9680095A0C9 /* LaunchScreen.storyboard in Resources */,
				C66B08C81D2CF9680095A0C9 /* Assets.xcassets in Resources */,
				C6967C6C1D2D0B20007A8CE3 /* Minecraft.ttf in Resources */,
				C66B08C61D2CF9680095A0C9 /* Main.storyboard in Resources */,
			);
			runOnlyForDeploymentPostprocessing = 0;
		};
/* End PBXResourcesBuildPhase section */

/* Begin PBXSourcesBuildPhase section */
		C66B08B91D2CF9680095A0C9 /* Sources */ = {
			isa = PBXSourcesBuildPhase;
			buildActionMask = 2147483647;
			files = (
				C66B08C31D2CF9680095A0C9 /* ViewController.swift in Sources */,
				C66B08C11D2CF9680095A0C9 /* AppDelegate.swift in Sources */,
			);
			runOnlyForDeploymentPostprocessing = 0;
		};
/* End PBXSourcesBuildPhase section */

/* Begin PBXVariantGroup section */
		C66B08C41D2CF9680095A0C9 /* Main.storyboard */ = {
			isa = PBXVariantGroup;
			children = (
				C66B08C51D2CF9680095A0C9 /* Base */,
			);
			name = Main.storyboard;
			sourceTree = "<group>";
		};
		C66B08C91D2CF9680095A0C9 /* LaunchScreen.storyboard */ = {
			isa = PBXVariantGroup;
			children = (
				C66B08CA1D2CF9680095A0C9 /* Base */,
			);
			name = LaunchScreen.storyboard;
			sourceTree = "<group>";
		};
/* End PBXVariantGroup section */

/* Begin XCBuildConfiguration section */
		C66B08CD1D2CF9680095A0C9 /* Debug */ = {
			isa = XCBuildConfiguration;
			buildSettings = {
				ALWAYS_SEARCH_USER_PATHS = NO;
				CLANG_ANALYZER_NONNULL = YES;
				CLANG_CXX_LANGUAGE_STANDARD = "gnu++0x";
				CLANG_CXX_LIBRARY = "libc++";
				CLANG_ENABLE_MODULES = YES;
				CLANG_ENABLE_OBJC_ARC = YES;
				CLANG_WARN_BOOL_CONVERSION = YES;
				CLANG_WARN_CONSTANT_CONVERSION = YES;
				CLANG_WARN_DIRECT_OBJC_ISA_USAGE = YES_ERROR;
				CLANG_WARN_EMPTY_BODY = YES;
				CLANG_WARN_ENUM_CONVERSION = YES;
				CLANG_WARN_INT_CONVERSION = YES;
				CLANG_WARN_OBJC_ROOT_CLASS = YES_ERROR;
				CLANG_WARN_UNREACHABLE_CODE = YES;
				CLANG_WARN__DUPLICATE_METHOD_MATCH = YES;
				"CODE_SIGN_IDENTITY[sdk=iphoneos*]" = "iPhone Developer";
				COPY_PHASE_STRIP = NO;
				DEBUG_INFORMATION_FORMAT = dwarf;
				ENABLE_STRICT_OBJC_MSGSEND = YES;
				ENABLE_TESTABILITY = YES;
				GCC_C_LANGUAGE_STANDARD = gnu99;
				GCC_DYNAMIC_NO_PIC = NO;
				GCC_NO_COMMON_BLOCKS = YES;
				GCC_OPTIMIZATION_LEVEL = 0;
				GCC_PREPROCESSOR_DEFINITIONS = (
					"DEBUG=1",
					"$(inherited)",
				);
				GCC_WARN_64_TO_32_BIT_CONVERSION = YES;
				GCC_WARN_ABOUT_RETURN_TYPE = YES_ERROR;
				GCC_WARN_UNDECLARED_SELECTOR = YES;
				GCC_WARN_UNINITIALIZED_AUTOS = YES_AGGRESSIVE;
				GCC_WARN_UNUSED_FUNCTION = YES;
				GCC_WARN_UNUSED_VARIABLE = YES;
				IPHONEOS_DEPLOYMENT_TARGET = 7.0;
				MTL_ENABLE_DEBUG_INFO = YES;
				ONLY_ACTIVE_ARCH = YES;
				SDKROOT = iphoneos;
				SWIFT_OPTIMIZATION_LEVEL = "-Onone";
			};
			name = Debug;
		};
		C66B08CE1D2CF9680095A0C9 /* Release */ = {
			isa = XCBuildConfiguration;
			buildSettings = {
				ALWAYS_SEARCH_USER_PATHS = NO;
				CLANG_ANALYZER_NONNULL = YES;
				CLANG_CXX_LANGUAGE_STANDARD = "gnu++0x";
				CLANG_CXX_LIBRARY = "libc++";
				CLANG_ENABLE_MODULES = YES;
				CLANG_ENABLE_OBJC_ARC = YES;
				CLANG_WARN_BOOL_CONVERSION = YES;
				CLANG_WARN_CONSTANT_CONVERSION = YES;
				CLANG_WARN_DIRECT_OBJC_ISA_USAGE = YES_ERROR;
				CLANG_WARN_EMPTY_BODY = YES;
				CLANG_WARN_ENUM_CONVERSION = YES;
				CLANG_WARN_INT_CONVERSION = YES;
				CLANG_WARN_OBJC_ROOT_CLASS = YES_ERROR;
				CLANG_WARN_UNREACHABLE_CODE = YES;
				CLANG_WARN__DUPLICATE_METHOD_MATCH = YES;
				"CODE_SIGN_IDENTITY[sdk=iphoneos*]" = "iPhone Developer";
				COPY_PHASE_STRIP = NO;
				DEBUG_INFORMATION_FORMAT = "dwarf-with-dsym";
				ENABLE_NS_ASSERTIONS = NO;
				ENABLE_STRICT_OBJC_MSGSEND = YES;
				GCC_C_LANGUAGE_STANDARD = gnu99;
				GCC_NO_COMMON_BLOCKS = YES;
				GCC_WARN_64_TO_32_BIT_CONVERSION = YES;
				GCC_WARN_ABOUT_RETURN_TYPE = YES_ERROR;
				GCC_WARN_UNDECLARED_SELECTOR = YES;
				GCC_WARN_UNINITIALIZED_AUTOS = YES_AGGRESSIVE;
				GCC_WARN_UNUSED_FUNCTION = YES;
				GCC_WARN_UNUSED_VARIABLE = YES;
				IPHONEOS_DEPLOYMENT_TARGET = 7.0;
				MTL_ENABLE_DEBUG_INFO = NO;
				SDKROOT = iphoneos;
				VALIDATE_PRODUCT = YES;
			};
			name = Release;
		};
		C66B08D01D2CF9680095A0C9 /* Debug */ = {
			isa = XCBuildConfiguration;
			buildSettings = {
				ASSETCATALOG_COMPILER_APPICON_NAME = AppIcon;
				INFOPLIST_FILE = "cold-calculator/Info.plist";
				IPHONEOS_DEPLOYMENT_TARGET = 9.0;
				LD_RUNPATH_SEARCH_PATHS = "$(inherited) @executable_path/Frameworks";
				PRODUCT_BUNDLE_IDENTIFIER = "com.cold.cold-calculator";
				PRODUCT_NAME = "$(TARGET_NAME)";
				SWIFT_VERSION = 2.3;
			};
			name = Debug;
		};
		C66B08D11D2CF9680095A0C9 /* Release */ = {
			isa = XCBuildConfiguration;
			buildSettings = {
				ASSETCATALOG_COMPILER_APPICON_NAME = AppIcon;
				INFOPLIST_FILE = "cold-calculator/Info.plist";
				IPHONEOS_DEPLOYMENT_TARGET = 9.0;
				LD_RUNPATH_SEARCH_PATHS = "$(inherited) @executable_path/Frameworks";
				PRODUCT_BUNDLE_IDENTIFIER = "com.cold.cold-calculator";
				PRODUCT_NAME = "$(TARGET_NAME)";
				SWIFT_VERSION = 2.3;
			};
			name = Release;
		};
/* End XCBuildConfiguration section */

/* Begin XCConfigurationList section */
		C66B08B81D2CF9680095A0C9 /* Build configuration list for PBXProject "cold-calculator" */ = {
			isa = XCConfigurationList;
			buildConfigurations = (
				C66B08CD1D2CF9680095A0C9 /* Debug */,
				C66B08CE1D2CF9680095A0C9 /* Release */,
			);
			defaultConfigurationIsVisible = 0;
			defaultConfigurationName = Release;
		};
		C66B08CF1D2CF9680095A0C9 /* Build configuration list for PBXNativeTarget "cold-calculator" */ = {
			isa = XCConfigurationList;
			buildConfigurations = (
				C66B08D01D2CF9680095A0C9 /* Debug */,
				C66B08D11D2CF9680095A0C9 /* Release */,
			);
			defaultConfigurationIsVisible = 0;
			defaultConfigurationName = Release;
		};
/* End XCConfigurationList section */
	};
	rootObject = C66B08B51D2CF9680095A0C9 /* Project object */;
}
